// !$*UTF8*$!
{
	archiveVersion = 1;
	classes = {
	};
	objectVersion = 77;
	objects = {

/* Begin PBXContainerItemProxy section */
		15A96DD12CB9D6BC00887577 /* PBXContainerItemProxy */ = {
			isa = PBXContainerItemProxy;
			containerPortal = 15A96DB62CB9D6BB00887577 /* Project object */;
			proxyType = 1;
			remoteGlobalIDString = 15A96DBD2CB9D6BB00887577;
			remoteInfo = "WebAuthentication-iOS";
		};
		15A96DDB2CB9D6BC00887577 /* PBXContainerItemProxy */ = {
			isa = PBXContainerItemProxy;
			containerPortal = 15A96DB62CB9D6BB00887577 /* Project object */;
			proxyType = 1;
			remoteGlobalIDString = 15A96DBD2CB9D6BB00887577;
			remoteInfo = "WebAuthentication-iOS";
		};
/* End PBXContainerItemProxy section */

/* Begin PBXFileReference section */
		15A96DBE2CB9D6BB00887577 /* WebAuthentication-iOS.app */ = {isa = PBXFileReference; explicitFileType = wrapper.application; includeInIndex = 0; path = "WebAuthentication-iOS.app"; sourceTree = BUILT_PRODUCTS_DIR; };
		15A96DD02CB9D6BC00887577 /* WebAuthentication-iOSTests.xctest */ = {isa = PBXFileReference; explicitFileType = wrapper.cfbundle; includeInIndex = 0; path = "WebAuthentication-iOSTests.xctest"; sourceTree = BUILT_PRODUCTS_DIR; };
		15A96DDA2CB9D6BC00887577 /* WebAuthentication-iOSUITests.xctest */ = {isa = PBXFileReference; explicitFileType = wrapper.cfbundle; includeInIndex = 0; path = "WebAuthentication-iOSUITests.xctest"; sourceTree = BUILT_PRODUCTS_DIR; };
/* End PBXFileReference section */

/* Begin PBXFileSystemSynchronizedRootGroup section */
		15A96DC02CB9D6BB00887577 /* WebAuthentication-iOS */ = {
			isa = PBXFileSystemSynchronizedRootGroup;
			path = "WebAuthentication-iOS";
			sourceTree = "<group>";
		};
		15A96DD32CB9D6BC00887577 /* WebAuthentication-iOSTests */ = {
			isa = PBXFileSystemSynchronizedRootGroup;
			path = "WebAuthentication-iOSTests";
			sourceTree = "<group>";
		};
		15A96DDD2CB9D6BC00887577 /* WebAuthentication-iOSUITests */ = {
			isa = PBXFileSystemSynchronizedRootGroup;
			path = "WebAuthentication-iOSUITests";
			sourceTree = "<group>";
		};
/* End PBXFileSystemSynchronizedRootGroup section */

/* Begin PBXFrameworksBuildPhase section */
		15A96DBB2CB9D6BB00887577 /* Frameworks */ = {
			isa = PBXFrameworksBuildPhase;
			buildActionMask = 2147483647;
			files = (
			);
			runOnlyForDeploymentPostprocessing = 0;
		};
		15A96DCD2CB9D6BC00887577 /* Frameworks */ = {
			isa = PBXFrameworksBuildPhase;
			buildActionMask = 2147483647;
			files = (
			);
			runOnlyForDeploymentPostprocessing = 0;
		};
		15A96DD72CB9D6BC00887577 /* Frameworks */ = {
			isa = PBXFrameworksBuildPhase;
			buildActionMask = 2147483647;
			files = (
			);
			runOnlyForDeploymentPostprocessing = 0;
		};
/* End PBXFrameworksBuildPhase section */

/* Begin PBXGroup section */
		15A96DB52CB9D6BB00887577 = {
			isa = PBXGroup;
			children = (
				15A96DC02CB9D6BB00887577 /* WebAuthentication-iOS */,
				15A96DD32CB9D6BC00887577 /* WebAuthentication-iOSTests */,
				15A96DDD2CB9D6BC00887577 /* WebAuthentication-iOSUITests */,
				15A96DBF2CB9D6BB00887577 /* Products */,
			);
			sourceTree = "<group>";
		};
		15A96DBF2CB9D6BB00887577 /* Products */ = {
			isa = PBXGroup;
			children = (
				15A96DBE2CB9D6BB00887577 /* WebAuthentication-iOS.app */,
				15A96DD02CB9D6BC00887577 /* WebAuthentication-iOSTests.xctest */,
				15A96DDA2CB9D6BC00887577 /* WebAuthentication-iOSUITests.xctest */,
			);
			name = Products;
			sourceTree = "<group>";
		};
/* End PBXGroup section */

/* Begin PBXNativeTarget section */
		15A96DBD2CB9D6BB00887577 /* WebAuthentication-iOS */ = {
			isa = PBXNativeTarget;
			buildConfigurationList = 15A96DE42CB9D6BC00887577 /* Build configuration list for PBXNativeTarget "WebAuthentication-iOS" */;
			buildPhases = (
				15A96DBA2CB9D6BB00887577 /* Sources */,
				15A96DBB2CB9D6BB00887577 /* Frameworks */,
				15A96DBC2CB9D6BB00887577 /* Resources */,
			);
			buildRules = (
			);
			dependencies = (
			);
			fileSystemSynchronizedGroups = (
				15A96DC02CB9D6BB00887577 /* WebAuthentication-iOS */,
			);
			name = "WebAuthentication-iOS";
			packageProductDependencies = (
			);
			productName = "WebAuthentication-iOS";
			productReference = 15A96DBE2CB9D6BB00887577 /* WebAuthentication-iOS.app */;
			productType = "com.apple.product-type.application";
		};
		15A96DCF2CB9D6BC00887577 /* WebAuthentication-iOSTests */ = {
			isa = PBXNativeTarget;
			buildConfigurationList = 15A96DE72CB9D6BC00887577 /* Build configuration list for PBXNativeTarget "WebAuthentication-iOSTests" */;
			buildPhases = (
				15A96DCC2CB9D6BC00887577 /* Sources */,
				15A96DCD2CB9D6BC00887577 /* Frameworks */,
				15A96DCE2CB9D6BC00887577 /* Resources */,
			);
			buildRules = (
			);
			dependencies = (
				15A96DD22CB9D6BC00887577 /* PBXTargetDependency */,
			);
			fileSystemSynchronizedGroups = (
				15A96DD32CB9D6BC00887577 /* WebAuthentication-iOSTests */,
			);
			name = "WebAuthentication-iOSTests";
			packageProductDependencies = (
			);
			productName = "WebAuthentication-iOSTests";
			productReference = 15A96DD02CB9D6BC00887577 /* WebAuthentication-iOSTests.xctest */;
			productType = "com.apple.product-type.bundle.unit-test";
		};
		15A96DD92CB9D6BC00887577 /* WebAuthentication-iOSUITests */ = {
			isa = PBXNativeTarget;
			buildConfigurationList = 15A96DEA2CB9D6BC00887577 /* Build configuration list for PBXNativeTarget "WebAuthentication-iOSUITests" */;
			buildPhases = (
				15A96DD62CB9D6BC00887577 /* Sources */,
				15A96DD72CB9D6BC00887577 /* Frameworks */,
				15A96DD82CB9D6BC00887577 /* Resources */,
			);
			buildRules = (
			);
			dependencies = (
				15A96DDC2CB9D6BC00887577 /* PBXTargetDependency */,
			);
			fileSystemSynchronizedGroups = (
				15A96DDD2CB9D6BC00887577 /* WebAuthentication-iOSUITests */,
			);
			name = "WebAuthentication-iOSUITests";
			packageProductDependencies = (
			);
			productName = "WebAuthentication-iOSUITests";
			productReference = 15A96DDA2CB9D6BC00887577 /* WebAuthentication-iOSUITests.xctest */;
			productType = "com.apple.product-type.bundle.ui-testing";
		};
/* End PBXNativeTarget section */

/* Begin PBXProject section */
		15A96DB62CB9D6BB00887577 /* Project object */ = {
			isa = PBXProject;
			attributes = {
				BuildIndependentTargetsInParallel = 1;
				LastSwiftUpdateCheck = 1600;
				LastUpgradeCheck = 1600;
				TargetAttributes = {
					15A96DBD2CB9D6BB00887577 = {
						CreatedOnToolsVersion = 16.0;
					};
					15A96DCF2CB9D6BC00887577 = {
						CreatedOnToolsVersion = 16.0;
						TestTargetID = 15A96DBD2CB9D6BB00887577;
					};
					15A96DD92CB9D6BC00887577 = {
						CreatedOnToolsVersion = 16.0;
						TestTargetID = 15A96DBD2CB9D6BB00887577;
					};
				};
			};
			buildConfigurationList = 15A96DB92CB9D6BB00887577 /* Build configuration list for PBXProject "WebAuthentication-iOS" */;
			developmentRegion = en;
			hasScannedForEncodings = 0;
			knownRegions = (
				en,
				Base,
			);
			mainGroup = 15A96DB52CB9D6BB00887577;
			minimizedProjectReferenceProxies = 1;
			preferredProjectObjectVersion = 77;
			productRefGroup = 15A96DBF2CB9D6BB00887577 /* Products */;
			projectDirPath = "";
			projectRoot = "";
			targets = (
				15A96DBD2CB9D6BB00887577 /* WebAuthentication-iOS */,
				15A96DCF2CB9D6BC00887577 /* WebAuthentication-iOSTests */,
				15A96DD92CB9D6BC00887577 /* WebAuthentication-iOSUITests */,
			);
		};
/* End PBXProject section */

/* Begin PBXResourcesBuildPhase section */
		15A96DBC2CB9D6BB00887577 /* Resources */ = {
			isa = PBXResourcesBuildPhase;
			buildActionMask = 2147483647;
			files = (
			);
			runOnlyForDeploymentPostprocessing = 0;
		};
		15A96DCE2CB9D6BC00887577 /* Resources */ = {
			isa = PBXResourcesBuildPhase;
			buildActionMask = 2147483647;
			files = (
			);
			runOnlyForDeploymentPostprocessing = 0;
		};
		15A96DD82CB9D6BC00887577 /* Resources */ = {
			isa = PBXResourcesBuildPhase;
			buildActionMask = 2147483647;
			files = (
			);
			runOnlyForDeploymentPostprocessing = 0;
		};
/* End PBXResourcesBuildPhase section */

/* Begin PBXSourcesBuildPhase section */
		15A96DBA2CB9D6BB00887577 /* Sources */ = {
			isa = PBXSourcesBuildPhase;
			buildActionMask = 2147483647;
			files = (
			);
			runOnlyForDeploymentPostprocessing = 0;
		};
		15A96DCC2CB9D6BC00887577 /* Sources */ = {
			isa = PBXSourcesBuildPhase;
			buildActionMask = 2147483647;
			files = (
			);
			runOnlyForDeploymentPostprocessing = 0;
		};
		15A96DD62CB9D6BC00887577 /* Sources */ = {
			isa = PBXSourcesBuildPhase;
			buildActionMask = 2147483647;
			files = (
			);
			runOnlyForDeploymentPostprocessing = 0;
		};
/* End PBXSourcesBuildPhase section */

/* Begin PBXTargetDependency section */
		15A96DD22CB9D6BC00887577 /* PBXTargetDependency */ = {
			isa = PBXTargetDependency;
			target = 15A96DBD2CB9D6BB00887577 /* WebAuthentication-iOS */;
			targetProxy = 15A96DD12CB9D6BC00887577 /* PBXContainerItemProxy */;
		};
		15A96DDC2CB9D6BC00887577 /* PBXTargetDependency */ = {
			isa = PBXTargetDependency;
			target = 15A96DBD2CB9D6BB00887577 /* WebAuthentication-iOS */;
			targetProxy = 15A96DDB2CB9D6BC00887577 /* PBXContainerItemProxy */;
		};
/* End PBXTargetDependency section */

/* Begin XCBuildConfiguration section */
		15A96DE22CB9D6BC00887577 /* Debug */ = {
			isa = XCBuildConfiguration;
			buildSettings = {
				ALWAYS_SEARCH_USER_PATHS = NO;
				ASSETCATALOG_COMPILER_GENERATE_SWIFT_ASSET_SYMBOL_EXTENSIONS = YES;
				CLANG_ANALYZER_NONNULL = YES;
				CLANG_ANALYZER_NUMBER_OBJECT_CONVERSION = YES_AGGRESSIVE;
				CLANG_CXX_LANGUAGE_STANDARD = "gnu++20";
				CLANG_ENABLE_MODULES = YES;
				CLANG_ENABLE_OBJC_ARC = YES;
				CLANG_ENABLE_OBJC_WEAK = YES;
				CLANG_WARN_BLOCK_CAPTURE_AUTORELEASING = YES;
				CLANG_WARN_BOOL_CONVERSION = YES;
				CLANG_WARN_COMMA = YES;
				CLANG_WARN_CONSTANT_CONVERSION = YES;
				CLANG_WARN_DEPRECATED_OBJC_IMPLEMENTATIONS = YES;
				CLANG_WARN_DIRECT_OBJC_ISA_USAGE = YES_ERROR;
				CLANG_WARN_DOCUMENTATION_COMMENTS = YES;
				CLANG_WARN_EMPTY_BODY = YES;
				CLANG_WARN_ENUM_CONVERSION = YES;
				CLANG_WARN_INFINITE_RECURSION = YES;
				CLANG_WARN_INT_CONVERSION = YES;
				CLANG_WARN_NON_LITERAL_NULL_CONVERSION = YES;
				CLANG_WARN_OBJC_IMPLICIT_RETAIN_SELF = YES;
				CLANG_WARN_OBJC_LITERAL_CONVERSION = YES;
				CLANG_WARN_OBJC_ROOT_CLASS = YES_ERROR;
				CLANG_WARN_QUOTED_INCLUDE_IN_FRAMEWORK_HEADER = YES;
				CLANG_WARN_RANGE_LOOP_ANALYSIS = YES;
				CLANG_WARN_STRICT_PROTOTYPES = YES;
				CLANG_WARN_SUSPICIOUS_MOVE = YES;
				CLANG_WARN_UNGUARDED_AVAILABILITY = YES_AGGRESSIVE;
				CLANG_WARN_UNREACHABLE_CODE = YES;
				CLANG_WARN__DUPLICATE_METHOD_MATCH = YES;
				COPY_PHASE_STRIP = NO;
				DEBUG_INFORMATION_FORMAT = dwarf;
				ENABLE_STRICT_OBJC_MSGSEND = YES;
				ENABLE_TESTABILITY = YES;
				ENABLE_USER_SCRIPT_SANDBOXING = YES;
				GCC_C_LANGUAGE_STANDARD = gnu17;
				GCC_DYNAMIC_NO_PIC = NO;
				GCC_NO_COMMON_BLOCKS = YES;
				GCC_OPTIMIZATION_LEVEL = 0;
				GCC_PREPROCESSOR_DEFINITIONS = (
					"DEBUG=1",
					"$(inherited)",
				);
				GCC_WARN_64_TO_32_BIT_CONVERSION = YES;
				GCC_WARN_ABOUT_RETURN_TYPE = YES_ERROR;
				GCC_WARN_UNDECLARED_SELECTOR = YES;
				GCC_WARN_UNINITIALIZED_AUTOS = YES_AGGRESSIVE;
				GCC_WARN_UNUSED_FUNCTION = YES;
				GCC_WARN_UNUSED_VARIABLE = YES;
				IPHONEOS_DEPLOYMENT_TARGET = 18.0;
				LOCALIZATION_PREFERS_STRING_CATALOGS = YES;
				MTL_ENABLE_DEBUG_INFO = INCLUDE_SOURCE;
				MTL_FAST_MATH = YES;
				ONLY_ACTIVE_ARCH = YES;
				SDKROOT = iphoneos;
				SWIFT_ACTIVE_COMPILATION_CONDITIONS = "DEBUG $(inherited)";
				SWIFT_OPTIMIZATION_LEVEL = "-Onone";
			};
			name = Debug;
		};
		15A96DE32CB9D6BC00887577 /* Release */ = {
			isa = XCBuildConfiguration;
			buildSettings = {
				ALWAYS_SEARCH_USER_PATHS = NO;
				ASSETCATALOG_COMPILER_GENERATE_SWIFT_ASSET_SYMBOL_EXTENSIONS = YES;
				CLANG_ANALYZER_NONNULL = YES;
				CLANG_ANALYZER_NUMBER_OBJECT_CONVERSION = YES_AGGRESSIVE;
				CLANG_CXX_LANGUAGE_STANDARD = "gnu++20";
				CLANG_ENABLE_MODULES = YES;
				CLANG_ENABLE_OBJC_ARC = YES;
				CLANG_ENABLE_OBJC_WEAK = YES;
				CLANG_WARN_BLOCK_CAPTURE_AUTORELEASING = YES;
				CLANG_WARN_BOOL_CONVERSION = YES;
				CLANG_WARN_COMMA = YES;
				CLANG_WARN_CONSTANT_CONVERSION = YES;
				CLANG_WARN_DEPRECATED_OBJC_IMPLEMENTATIONS = YES;
				CLANG_WARN_DIRECT_OBJC_ISA_USAGE = YES_ERROR;
				CLANG_WARN_DOCUMENTATION_COMMENTS = YES;
				CLANG_WARN_EMPTY_BODY = YES;
				CLANG_WARN_ENUM_CONVERSION = YES;
				CLANG_WARN_INFINITE_RECURSION = YES;
				CLANG_WARN_INT_CONVERSION = YES;
				CLANG_WARN_NON_LITERAL_NULL_CONVERSION = YES;
				CLANG_WARN_OBJC_IMPLICIT_RETAIN_SELF = YES;
				CLANG_WARN_OBJC_LITERAL_CONVERSION = YES;
				CLANG_WARN_OBJC_ROOT_CLASS = YES_ERROR;
				CLANG_WARN_QUOTED_INCLUDE_IN_FRAMEWORK_HEADER = YES;
				CLANG_WARN_RANGE_LOOP_ANALYSIS = YES;
				CLANG_WARN_STRICT_PROTOTYPES = YES;
				CLANG_WARN_SUSPICIOUS_MOVE = YES;
				CLANG_WARN_UNGUARDED_AVAILABILITY = YES_AGGRESSIVE;
				CLANG_WARN_UNREACHABLE_CODE = YES;
				CLANG_WARN__DUPLICATE_METHOD_MATCH = YES;
				COPY_PHASE_STRIP = NO;
				DEBUG_INFORMATION_FORMAT = "dwarf-with-dsym";
				ENABLE_NS_ASSERTIONS = NO;
				ENABLE_STRICT_OBJC_MSGSEND = YES;
				ENABLE_USER_SCRIPT_SANDBOXING = YES;
				GCC_C_LANGUAGE_STANDARD = gnu17;
				GCC_NO_COMMON_BLOCKS = YES;
				GCC_WARN_64_TO_32_BIT_CONVERSION = YES;
				GCC_WARN_ABOUT_RETURN_TYPE = YES_ERROR;
				GCC_WARN_UNDECLARED_SELECTOR = YES;
				GCC_WARN_UNINITIALIZED_AUTOS = YES_AGGRESSIVE;
				GCC_WARN_UNUSED_FUNCTION = YES;
				GCC_WARN_UNUSED_VARIABLE = YES;
				IPHONEOS_DEPLOYMENT_TARGET = 18.0;
				LOCALIZATION_PREFERS_STRING_CATALOGS = YES;
				MTL_ENABLE_DEBUG_INFO = NO;
				MTL_FAST_MATH = YES;
				SDKROOT = iphoneos;
				SWIFT_COMPILATION_MODE = wholemodule;
				VALIDATE_PRODUCT = YES;
			};
			name = Release;
		};
		15A96DE52CB9D6BC00887577 /* Debug */ = {
			isa = XCBuildConfiguration;
			buildSettings = {
				ASSETCATALOG_COMPILER_APPICON_NAME = AppIcon;
				ASSETCATALOG_COMPILER_GLOBAL_ACCENT_COLOR_NAME = AccentColor;
				CODE_SIGN_STYLE = Automatic;
				CURRENT_PROJECT_VERSION = 1;
				DEVELOPMENT_ASSET_PATHS = "\"WebAuthentication-iOS/Preview Content\"";
				ENABLE_PREVIEWS = YES;
				GENERATE_INFOPLIST_FILE = YES;
				INFOPLIST_KEY_UIApplicationSceneManifest_Generation = YES;
				INFOPLIST_KEY_UIApplicationSupportsIndirectInputEvents = YES;
				INFOPLIST_KEY_UILaunchScreen_Generation = YES;
				INFOPLIST_KEY_UISupportedInterfaceOrientations_iPad = "UIInterfaceOrientationPortrait UIInterfaceOrientationPortraitUpsideDown UIInterfaceOrientationLandscapeLeft UIInterfaceOrientationLandscapeRight";
				INFOPLIST_KEY_UISupportedInterfaceOrientations_iPhone = "UIInterfaceOrientationPortrait UIInterfaceOrientationLandscapeLeft UIInterfaceOrientationLandscapeRight";
				LD_RUNPATH_SEARCH_PATHS = (
					"$(inherited)",
					"@executable_path/Frameworks",
				);
				MARKETING_VERSION = 1.0;
				PRODUCT_BUNDLE_IDENTIFIER = "com.cretivegames.webauthentication.WebAuthentication-iOS";
				PRODUCT_NAME = "$(TARGET_NAME)";
				SWIFT_EMIT_LOC_STRINGS = YES;
				SWIFT_VERSION = 5.0;
				TARGETED_DEVICE_FAMILY = "1,2";
			};
			name = Debug;
		};
		15A96DE62CB9D6BC00887577 /* Release */ = {
			isa = XCBuildConfiguration;
			buildSettings = {
				ASSETCATALOG_COMPILER_APPICON_NAME = AppIcon;
				ASSETCATALOG_COMPILER_GLOBAL_ACCENT_COLOR_NAME = AccentColor;
				CODE_SIGN_STYLE = Automatic;
				CURRENT_PROJECT_VERSION = 1;
				DEVELOPMENT_ASSET_PATHS = "\"WebAuthentication-iOS/Preview Content\"";
				ENABLE_PREVIEWS = YES;
				GENERATE_INFOPLIST_FILE = YES;
				INFOPLIST_KEY_UIApplicationSceneManifest_Generation = YES;
				INFOPLIST_KEY_UIApplicationSupportsIndirectInputEvents = YES;
				INFOPLIST_KEY_UILaunchScreen_Generation = YES;
				INFOPLIST_KEY_UISupportedInterfaceOrientations_iPad = "UIInterfaceOrientationPortrait UIInterfaceOrientationPortraitUpsideDown UIInterfaceOrientationLandscapeLeft UIInterfaceOrientationLandscapeRight";
				INFOPLIST_KEY_UISupportedInterfaceOrientations_iPhone = "UIInterfaceOrientationPortrait UIInterfaceOrientationLandscapeLeft UIInterfaceOrientationLandscapeRight";
				LD_RUNPATH_SEARCH_PATHS = (
					"$(inherited)",
					"@executable_path/Frameworks",
				);
				MARKETING_VERSION = 1.0;
				PRODUCT_BUNDLE_IDENTIFIER = "com.cretivegames.webauthentication.WebAuthentication-iOS";
				PRODUCT_NAME = "$(TARGET_NAME)";
				SWIFT_EMIT_LOC_STRINGS = YES;
				SWIFT_VERSION = 5.0;
				TARGETED_DEVICE_FAMILY = "1,2";
			};
			name = Release;
		};
		15A96DE82CB9D6BC00887577 /* Debug */ = {
			isa = XCBuildConfiguration;
			buildSettings = {
				BUNDLE_LOADER = "$(TEST_HOST)";
				CODE_SIGN_STYLE = Automatic;
				CURRENT_PROJECT_VERSION = 1;
				GENERATE_INFOPLIST_FILE = YES;
				IPHONEOS_DEPLOYMENT_TARGET = 18.0;
				MARKETING_VERSION = 1.0;
				PRODUCT_BUNDLE_IDENTIFIER = "com.cretivegames.webauthentication.WebAuthentication-iOSTests";
				PRODUCT_NAME = "$(TARGET_NAME)";
				SWIFT_EMIT_LOC_STRINGS = NO;
				SWIFT_VERSION = 5.0;
				TARGETED_DEVICE_FAMILY = "1,2";
				TEST_HOST = "$(BUILT_PRODUCTS_DIR)/WebAuthentication-iOS.app/$(BUNDLE_EXECUTABLE_FOLDER_PATH)/WebAuthentication-iOS";
			};
			name = Debug;
		};
		15A96DE92CB9D6BC00887577 /* Release */ = {
			isa = XCBuildConfiguration;
			buildSettings = {
				BUNDLE_LOADER = "$(TEST_HOST)";
				CODE_SIGN_STYLE = Automatic;
				CURRENT_PROJECT_VERSION = 1;
				GENERATE_INFOPLIST_FILE = YES;
				IPHONEOS_DEPLOYMENT_TARGET = 18.0;
				MARKETING_VERSION = 1.0;
				PRODUCT_BUNDLE_IDENTIFIER = "com.cretivegames.webauthentication.WebAuthentication-iOSTests";
				PRODUCT_NAME = "$(TARGET_NAME)";
				SWIFT_EMIT_LOC_STRINGS = NO;
				SWIFT_VERSION = 5.0;
				TARGETED_DEVICE_FAMILY = "1,2";
				TEST_HOST = "$(BUILT_PRODUCTS_DIR)/WebAuthentication-iOS.app/$(BUNDLE_EXECUTABLE_FOLDER_PATH)/WebAuthentication-iOS";
			};
			name = Release;
		};
		15A96DEB2CB9D6BC00887577 /* Debug */ = {
			isa = XCBuildConfiguration;
			buildSettings = {
				CODE_SIGN_STYLE = Automatic;
				CURRENT_PROJECT_VERSION = 1;
				GENERATE_INFOPLIST_FILE = YES;
				MARKETING_VERSION = 1.0;
				PRODUCT_BUNDLE_IDENTIFIER = "com.cretivegames.webauthentication.WebAuthentication-iOSUITests";
				PRODUCT_NAME = "$(TARGET_NAME)";
				SWIFT_EMIT_LOC_STRINGS = NO;
				SWIFT_VERSION = 5.0;
				TARGETED_DEVICE_FAMILY = "1,2";
				TEST_TARGET_NAME = "WebAuthentication-iOS";
			};
			name = Debug;
		};
		15A96DEC2CB9D6BC00887577 /* Release */ = {
			isa = XCBuildConfiguration;
			buildSettings = {
				CODE_SIGN_STYLE = Automatic;
				CURRENT_PROJECT_VERSION = 1;
				GENERATE_INFOPLIST_FILE = YES;
				MARKETING_VERSION = 1.0;
				PRODUCT_BUNDLE_IDENTIFIER = "com.cretivegames.webauthentication.WebAuthentication-iOSUITests";
				PRODUCT_NAME = "$(TARGET_NAME)";
				SWIFT_EMIT_LOC_STRINGS = NO;
				SWIFT_VERSION = 5.0;
				TARGETED_DEVICE_FAMILY = "1,2";
				TEST_TARGET_NAME = "WebAuthentication-iOS";
			};
			name = Release;
		};
/* End XCBuildConfiguration section */

/* Begin XCConfigurationList section */
		15A96DB92CB9D6BB00887577 /* Build configuration list for PBXProject "WebAuthentication-iOS" */ = {
			isa = XCConfigurationList;
			buildConfigurations = (
				15A96DE22CB9D6BC00887577 /* Debug */,
				15A96DE32CB9D6BC00887577 /* Release */,
			);
			defaultConfigurationIsVisible = 0;
			defaultConfigurationName = Release;
		};
		15A96DE42CB9D6BC00887577 /* Build configuration list for PBXNativeTarget "WebAuthentication-iOS" */ = {
			isa = XCConfigurationList;
			buildConfigurations = (
				15A96DE52CB9D6BC00887577 /* Debug */,
				15A96DE62CB9D6BC00887577 /* Release */,
			);
			defaultConfigurationIsVisible = 0;
			defaultConfigurationName = Release;
		};
		15A96DE72CB9D6BC00887577 /* Build configuration list for PBXNativeTarget "WebAuthentication-iOSTests" */ = {
			isa = XCConfigurationList;
			buildConfigurations = (
				15A96DE82CB9D6BC00887577 /* Debug */,
				15A96DE92CB9D6BC00887577 /* Release */,
			);
			defaultConfigurationIsVisible = 0;
			defaultConfigurationName = Release;
		};
		15A96DEA2CB9D6BC00887577 /* Build configuration list for PBXNativeTarget "WebAuthentication-iOSUITests" */ = {
			isa = XCConfigurationList;
			buildConfigurations = (
				15A96DEB2CB9D6BC00887577 /* Debug */,
				15A96DEC2CB9D6BC00887577 /* Release */,
			);
			defaultConfigurationIsVisible = 0;
			defaultConfigurationName = Release;
		};
/* End XCConfigurationList section */
	};
	rootObject = 15A96DB62CB9D6BB00887577 /* Project object */;
}
